// !$*UTF8*$!
{
	archiveVersion = 1;
	classes = {
	};
	objectVersion = 77;
	objects = {

/* Begin PBXBuildFile section */
		CEB48612302B945400FC1F1E /* FirebaseAnalytics in Frameworks */ = {isa = PBXBuildFile; productRef = CEB48611302B945400FC1F1E /* FirebaseAnalytics */; };
		CEB48614302B945400FC1F1E /* FirebaseAnalyticsCore in Frameworks */ = {isa = PBXBuildFile; productRef = CEB48613302B945400FC1F1E /* FirebaseAnalyticsCore */; };
		CEB48616302B945400FC1F1E /* FirebaseAuth in Frameworks */ = {isa = PBXBuildFile; productRef = CEB48615302B945400FC1F1E /* FirebaseAuth */; };
		CEB48618302B945400FC1F1E /* FirebaseCore in Frameworks */ = {isa = PBXBuildFile; productRef = CEB48617302B945400FC1F1E /* FirebaseCore */; };
		CEB4861A302B945400FC1F1E /* FirebaseFirestore in Frameworks */ = {isa = PBXBuildFile; productRef = CEB48619302B945400FC1F1E /* FirebaseFirestore */; };
		CEB4861C302B945400FC1F1E /* FirebaseStorage in Frameworks */ = {isa = PBXBuildFile; productRef = CEB4861B302B945400FC1F1E /* FirebaseStorage */; };
		CEB48638302BD0EF00FC1F1E /* AuthLibrary in Frameworks */ = {isa = PBXBuildFile; productRef = CEB48637302BD0EF00FC1F1E /* AuthLibrary */; };
		CEB4F8DE302B503200FC1F1E /* SpritePackage in Frameworks */ = {isa = PBXBuildFile; productRef = CEB4F8DD302B503200FC1F1E /* SpritePackage */; };
		CECA5CC83035CFE1006E525A /* Kingfisher in Frameworks */ = {isa = PBXBuildFile; productRef = CECA5CC73035CFE1006E525A /* Kingfisher */; };
/* End PBXBuildFile section */

/* Begin PBXFileReference section */
		CEB4CC36302A4E7300FC1F1E /* Folovers.app */ = {isa = PBXFileReference; explicitFileType = wrapper.application; includeInIndex = 0; path = Folovers.app; sourceTree = BUILT_PRODUCTS_DIR; };
/* End PBXFileReference section */

/* Begin PBXFileSystemSynchronizedBuildFileExceptionSet section */
		CEB48602302B56DA00FC1F1E /* Exceptions for "Folovers" folder in "Folovers" target */ = {
			isa = PBXFileSystemSynchronizedBuildFileExceptionSet;
			membershipExceptions = (
				App/AppRoute.swift,
				App/FoloversApp.swift,
				App/MainRouter/Components/MainScreens.swift,
				App/MainRouter/Components/PopUpViews.swift,
				App/MainRouter/Components/SecondaryScreen.swift,
				App/MainRouter/MainRouter.swift,
				Assets.xcassets,
				Features/Global/AuthView/AuthView.swift,
				Features/Global/AuthView/AuthViewModel.swift,
				Features/Global/AuthView/Components/PasswordField.swift,
				Features/Global/Helpers/ColorSelectionBar.swift,
				Features/Global/Helpers/CustomNavigationBar.swift,
				Features/Global/LoadingScreen/LoadingView.swift,
				Features/Global/SpriteView/SpriteView.swift,
				Features/Global/SpriteView/SpriteViewModel.swift,
				Features/Global/SystemPopUps/Components/SystemPopUpView.swift,
				Features/Global/SystemPopUps/SustemPopUpsModel.swift,
				Features/Global/SystemPopUps/SystemPopUpsView.swift,
				Features/Main/Connections/Components/ConnectionGridView.swift,
				Features/Main/Connections/Components/ConnectionPicker.swift,
				Features/Main/Connections/Components/ConnectionSceneView.swift,
				Features/Main/Connections/Components/ConnectionsStateCard.swift,
				Features/Main/Connections/ConnectionPopUps/SearchCard/SearchCardViewModel.swift,
				Features/Main/Connections/ConnectionPopUps/SearchCard/SearchingUserPopUp.swift,
				Features/Main/Connections/ConnectionPopUps/UserCard/UserCardPopUp.swift,
				Features/Main/Connections/ConnectionPopUps/UserCard/UserCardViewModel.swift,
				Features/Main/Connections/ConnectionsView.swift,
				Features/Main/Connections/ConnectionViewModel.swift,
				"Features/Main/Folders&Plans/FolderView/Components/CreateFolderItem.swift",
				"Features/Main/Folders&Plans/FolderView/Components/FolderCreationView/Components/FolderConnectionsBar.swift",
				"Features/Main/Folders&Plans/FolderView/Components/FolderCreationView/Components/FolderConnectionSheet.swift",
				"Features/Main/Folders&Plans/FolderView/Components/FolderCreationView/FolderCreationView.swift",
				"Features/Main/Folders&Plans/FolderView/Components/FolderCreationView/FolderCreationViewModel.swift",
				"Features/Main/Folders&Plans/FolderView/Components/FolderItemView.swift",
				"Features/Main/Folders&Plans/FolderView/Components/FolderSliderView.swift",
				"Features/Main/Folders&Plans/FolderView/FoldersView.swift",
				"Features/Main/Folders&Plans/FolderView/FoldersViewModel.swift",
				"Features/Main/Folders&Plans/Plan/Components/PlanHeader.swift",
				"Features/Main/Folders&Plans/Plan/Components/PlanTypePickerView.swift",
				"Features/Main/Folders&Plans/Plan/PlanCreation/Components/CustomDatePicker.swift",
				"Features/Main/Folders&Plans/Plan/PlanCreation/Components/LocationSelection/Components/LocationActionSearchView.swift",
				"Features/Main/Folders&Plans/Plan/PlanCreation/Components/LocationSelection/Components/LocationSelectionView.swift",
				"Features/Main/Folders&Plans/Plan/PlanCreation/Components/LocationSelection/Components/MapFrameView.swift",
				"Features/Main/Folders&Plans/Plan/PlanCreation/Components/LocationSelection/LocationSearchViewModel.swift",
				"Features/Main/Folders&Plans/Plan/PlanCreation/Components/LocationSelection/LocationSelectionSheet.swift",
				"Features/Main/Folders&Plans/Plan/PlanCreation/Components/NoteBorder.swift",
				"Features/Main/Folders&Plans/Plan/PlanCreation/Components/NoteTextEditor.swift",
				"Features/Main/Folders&Plans/Plan/PlanCreation/Components/PhotoSelection/PhotoPreviewView.swift",
				"Features/Main/Folders&Plans/Plan/PlanCreation/Components/PhotoSelection/PhotoSelection.swift",
				"Features/Main/Folders&Plans/Plan/PlanCreation/Components/PhotoSelection/PhotoSelectorRepresentable.swift",
				"Features/Main/Folders&Plans/Plan/PlanCreation/PlanCreationView.swift",
				"Features/Main/Folders&Plans/Plan/PlanCreation/PlanCreationViewModel.swift",
				"Features/Main/Folders&Plans/Plan/PlanDetailView/PlanDetailView.swift",
				"Features/Main/Folders&Plans/Plan/PlanDetailView/PlanDetailViewModel.swift",
				"Features/Main/Folders&Plans/Plan/PlansView/Components/PlansGridView.swift",
				"Features/Main/Folders&Plans/Plan/PlansView/Components/TabShape.swift",
				"Features/Main/Folders&Plans/Plan/PlansView/PlansView.swift",
				"Features/Main/Folders&Plans/Plan/PlansView/PlanViewModel.swift",
				Features/Main/HomeView/Components/Calendar/CalendarSheetView.swift,
				Features/Main/HomeView/Components/Calendar/CalendarView.swift,
				Features/Main/HomeView/Components/MoodBar.swift,
				Features/Main/HomeView/HomeView.swift,
				Features/Main/HomeView/HomeViewModel.swift,
				Features/Main/MailView/Components/LetterItemGrid.swift,
				Features/Main/MailView/Components/LetterView.swift,
				Features/Main/MailView/Components/MailGrid.swift,
				Features/Main/MailView/Components/MailPicker.swift,
				Features/Main/MailView/LetterCreation/LetterCreationView.swift,
				Features/Main/MailView/LetterCreation/LetterCreationViewModel.swift,
				Features/Main/MailView/MailView.swift,
				Features/Main/MailView/MailViewModel.swift,
				Features/Main/ProfileView/Components/CharacterCardView.swift,
				Features/Main/ProfileView/Components/ProfileConnectView.swift,
				Features/Main/ProfileView/Components/ProfileLinks.swift,
				Features/Main/ProfileView/ProfileView.swift,
				Features/Main/ProfileView/ProfileViewModel.swift,
				Features/OnBoarding/CharacterCreationViewModel.swift,
				Features/OnBoarding/Components/CharacterCreation/CharacterAppearanceView.swift,
				Features/OnBoarding/Components/CharacterCreation/Components/FemaleIcon.swift,
				Features/OnBoarding/Components/CharacterCreation/Components/ItemsSelection.swift,
				Features/OnBoarding/Components/CharacterCreation/Components/MaleIcon.swift,
				Features/OnBoarding/OnBoardingView.swift,
				"GoogleService-Info.plist",
				Models/Connection/ConnectionModel.swift,
				Models/Folder/FolderModel.swift,
				Models/Folder/PlanCard.swift,
				Models/Mail/MailModel.swift,
				Models/SpritePackageModels/SpriteActions.swift,
				Models/User/UserModel.swift,
				Services/FileManager/FileManager.swift,
				Services/FireBase/FireStorage/FireStorageManager.swift,
				Services/FireBase/FireStore/FireStoreEndpoints/ConnectionEndpoint.swift,
				Services/FireBase/FireStore/FireStoreEndpoints/FireStoreEndpoint.swift,
				Services/FireBase/FireStore/FireStoreEndpoints/FolderEndpoint.swift,
				Services/FireBase/FireStore/FireStoreEndpoints/MailEndpoint.swift,
				Services/FireBase/FireStore/FireStoreEndpoints/PlanEndpoint.swift,
				Services/FireBase/FireStore/FireStoreEndpoints/UserEndpoint.swift,
				Services/FireBase/FireStore/FireStoreError.swift,
				Services/FireBase/FireStore/FireStoreIdentifiable.swift,
				Services/FireBase/FireStore/FireStoreManager.swift,
				Services/FireBase/FireStore/FireStoreParser.swift,
				Services/NavigationManager/NavigationEnum.swift,
				Services/NavigationManager/NavigationManager.swift,
				Services/System/Auth/AuthManager.swift,
				Services/System/Connection/ConnectionManager.swift,
				Services/System/Folder/Folder/FolderManager.swift,
				Services/System/Folder/Plan/PlanManager.swift,
				Services/System/Mail/MailManager.swift,
				Services/System/Storage/StorageManager.swift,
				Services/System/User/UserManager.swift,
				Services/ThemeManager/Models/AppThemeColor.swift,
				Services/ThemeManager/Models/ThemePalette.swift,
				Services/ThemeManager/ThemeManager.swift,
				Utility/Extensions/Calendar.swift,
				Utility/Helpers/ButtonStyle/ButtonStyleBorder.swift,
				Utility/Helpers/Modifiers/BorderViewModifier.swift,
				Utility/Helpers/Modifiers/TextFieldModifier.swift,
			);
			target = CEB4CC35302A4E7300FC1F1E /* Folovers */;
		};
/* End PBXFileSystemSynchronizedBuildFileExceptionSet section */

/* Begin PBXFileSystemSynchronizedRootGroup section */
		CEB485FC302B56D600FC1F1E /* Folovers */ = {
			isa = PBXFileSystemSynchronizedRootGroup;
			exceptions = (
				CEB48602302B56DA00FC1F1E /* Exceptions for "Folovers" folder in "Folovers" target */,
			);
			path = Folovers;
			sourceTree = "<group>";
		};
/* End PBXFileSystemSynchronizedRootGroup section */

/* Begin PBXFrameworksBuildPhase section */
		CEB4CC33302A4E7300FC1F1E /* Frameworks */ = {
			isa = PBXFrameworksBuildPhase;
			buildActionMask = 2147483647;
			files = (
				CEB48612302B945400FC1F1E /* FirebaseAnalytics in Frameworks */,
				CEB48618302B945400FC1F1E /* FirebaseCore in Frameworks */,
				CEB48638302BD0EF00FC1F1E /* AuthLibrary in Frameworks */,
				CECA5CC83035CFE1006E525A /* Kingfisher in Frameworks */,
				CEB48614302B945400FC1F1E /* FirebaseAnalyticsCore in Frameworks */,
				CEB4F8DE302B503200FC1F1E /* SpritePackage in Frameworks */,
				CEB4861C302B945400FC1F1E /* FirebaseStorage in Frameworks */,
				CEB48616302B945400FC1F1E /* FirebaseAuth in Frameworks */,
				CEB4861A302B945400FC1F1E /* FirebaseFirestore in Frameworks */,
			);
			runOnlyForDeploymentPostprocessing = 0;
		};
/* End PBXFrameworksBuildPhase section */

/* Begin PBXGroup section */
		CEB4CC2D302A4E7300FC1F1E = {
			isa = PBXGroup;
			children = (
				CEB485FC302B56D600FC1F1E /* Folovers */,
				CEB4CC37302A4E7300FC1F1E /* Products */,
			);
			sourceTree = "<group>";
		};
		CEB4CC37302A4E7300FC1F1E /* Products */ = {
			isa = PBXGroup;
			children = (
				CEB4CC36302A4E7300FC1F1E /* Folovers.app */,
			);
			name = Products;
			sourceTree = "<group>";
		};
/* End PBXGroup section */

/* Begin PBXNativeTarget section */
		CEB4CC35302A4E7300FC1F1E /* Folovers */ = {
			isa = PBXNativeTarget;
			buildConfigurationList = CEB4CC41302A4E7400FC1F1E /* Build configuration list for PBXNativeTarget "Folovers" */;
			buildPhases = (
				CEB4CC32302A4E7300FC1F1E /* Sources */,
				CEB4CC33302A4E7300FC1F1E /* Frameworks */,
				CEB4CC34302A4E7300FC1F1E /* Resources */,
			);
			buildRules = (
			);
			dependencies = (
			);
			name = Folovers;
			packageProductDependencies = (
				CEB4F8DD302B503200FC1F1E /* SpritePackage */,
				CEB48611302B945400FC1F1E /* FirebaseAnalytics */,
				CEB48613302B945400FC1F1E /* FirebaseAnalyticsCore */,
				CEB48615302B945400FC1F1E /* FirebaseAuth */,
				CEB48617302B945400FC1F1E /* FirebaseCore */,
				CEB48619302B945400FC1F1E /* FirebaseFirestore */,
				CEB4861B302B945400FC1F1E /* FirebaseStorage */,
				CEB48637302BD0EF00FC1F1E /* AuthLibrary */,
				CECA5CC73035CFE1006E525A /* Kingfisher */,
			);
			productName = Folovers;
			productReference = CEB4CC36302A4E7300FC1F1E /* Folovers.app */;
			productType = "com.apple.product-type.application";
		};
/* End PBXNativeTarget section */

/* Begin PBXProject section */
		CEB4CC2E302A4E7300FC1F1E /* Project object */ = {
			isa = PBXProject;
			attributes = {
				BuildIndependentTargetsInParallel = 1;
				LastSwiftUpdateCheck = 2650;
				LastUpgradeCheck = 2650;
				TargetAttributes = {
					CEB4CC35302A4E7300FC1F1E = {
						CreatedOnToolsVersion = 26.5;
					};
				};
			};
			buildConfigurationList = CEB4CC31302A4E7300FC1F1E /* Build configuration list for PBXProject "Folovers" */;
			developmentRegion = en;
			hasScannedForEncodings = 0;
			knownRegions = (
				en,
				Base,
			);
			mainGroup = CEB4CC2D302A4E7300FC1F1E;
			minimizedProjectReferenceProxies = 1;
			packageReferences = (
				CEB4F8DC302B503200FC1F1E /* XCLocalSwiftPackageReference "Folovers/Packages/SpritePackage" */,
				CEB48610302B945400FC1F1E /* XCRemoteSwiftPackageReference "firebase-ios-sdk" */,
				CEB48636302BD0EF00FC1F1E /* XCLocalSwiftPackageReference "../AuthLibrary" */,
				CECA5CC63035CFE1006E525A /* XCRemoteSwiftPackageReference "Kingfisher" */,
			);
			preferredProjectObjectVersion = 77;
			productRefGroup = CEB4CC37302A4E7300FC1F1E /* Products */;
			projectDirPath = "";
			projectRoot = "";
			targets = (
				CEB4CC35302A4E7300FC1F1E /* Folovers */,
			);
		};
/* End PBXProject section */

/* Begin PBXResourcesBuildPhase section */
		CEB4CC34302A4E7300FC1F1E /* Resources */ = {
			isa = PBXResourcesBuildPhase;
			buildActionMask = 2147483647;
			files = (
			);
			runOnlyForDeploymentPostprocessing = 0;
		};
/* End PBXResourcesBuildPhase section */

/* Begin PBXSourcesBuildPhase section */
		CEB4CC32302A4E7300FC1F1E /* Sources */ = {
			isa = PBXSourcesBuildPhase;
			buildActionMask = 2147483647;
			files = (
			);
			runOnlyForDeploymentPostprocessing = 0;
		};
/* End PBXSourcesBuildPhase section */

/* Begin XCBuildConfiguration section */
		CEB4CC3F302A4E7400FC1F1E /* Debug */ = {
			isa = XCBuildConfiguration;
			buildSettings = {
				ALWAYS_SEARCH_USER_PATHS = NO;
				ASSETCATALOG_COMPILER_GENERATE_SWIFT_ASSET_SYMBOL_EXTENSIONS = YES;
				CLANG_ANALYZER_NONNULL = YES;
				CLANG_ANALYZER_NUMBER_OBJECT_CONVERSION = YES_AGGRESSIVE;
				CLANG_CXX_LANGUAGE_STANDARD = "gnu++20";
				CLANG_ENABLE_MODULES = YES;
				CLANG_ENABLE_OBJC_ARC = YES;
				CLANG_ENABLE_OBJC_WEAK = YES;
				CLANG_WARN_BLOCK_CAPTURE_AUTORELEASING = YES;
				CLANG_WARN_BOOL_CONVERSION = YES;
				CLANG_WARN_COMMA = YES;
				CLANG_WARN_CONSTANT_CONVERSION = YES;
				CLANG_WARN_DEPRECATED_OBJC_IMPLEMENTATIONS = YES;
				CLANG_WARN_DIRECT_OBJC_ISA_USAGE = YES_ERROR;
				CLANG_WARN_DOCUMENTATION_COMMENTS = YES;
				CLANG_WARN_EMPTY_BODY = YES;
				CLANG_WARN_ENUM_CONVERSION = YES;
				CLANG_WARN_INFINITE_RECURSION = YES;
				CLANG_WARN_INT_CONVERSION = YES;
				CLANG_WARN_NON_LITERAL_NULL_CONVERSION = YES;
				CLANG_WARN_OBJC_IMPLICIT_RETAIN_SELF = YES;
				CLANG_WARN_OBJC_LITERAL_CONVERSION = YES;
				CLANG_WARN_OBJC_ROOT_CLASS = YES_ERROR;
				CLANG_WARN_QUOTED_INCLUDE_IN_FRAMEWORK_HEADER = YES;
				CLANG_WARN_RANGE_LOOP_ANALYSIS = YES;
				CLANG_WARN_STRICT_PROTOTYPES = YES;
				CLANG_WARN_SUSPICIOUS_MOVE = YES;
				CLANG_WARN_UNGUARDED_AVAILABILITY = YES_AGGRESSIVE;
				CLANG_WARN_UNREACHABLE_CODE = YES;
				CLANG_WARN__DUPLICATE_METHOD_MATCH = YES;
				COPY_PHASE_STRIP = NO;
				DEBUG_INFORMATION_FORMAT = dwarf;
				DEVELOPMENT_TEAM = WU276H25JQ;
				ENABLE_STRICT_OBJC_MSGSEND = YES;
				ENABLE_TESTABILITY = YES;
				ENABLE_USER_SCRIPT_SANDBOXING = YES;
				GCC_C_LANGUAGE_STANDARD = gnu17;
				GCC_DYNAMIC_NO_PIC = NO;
				GCC_NO_COMMON_BLOCKS = YES;
				GCC_OPTIMIZATION_LEVEL = 0;
				GCC_PREPROCESSOR_DEFINITIONS = (
					"DEBUG=1",
					"$(inherited)",
				);
				GCC_WARN_64_TO_32_BIT_CONVERSION = YES;
				GCC_WARN_ABOUT_RETURN_TYPE = YES_ERROR;
				GCC_WARN_UNDECLARED_SELECTOR = YES;
				GCC_WARN_UNINITIALIZED_AUTOS = YES_AGGRESSIVE;
				GCC_WARN_UNUSED_FUNCTION = YES;
				GCC_WARN_UNUSED_VARIABLE = YES;
				IPHONEOS_DEPLOYMENT_TARGET = 26.5;
				LOCALIZATION_PREFERS_STRING_CATALOGS = YES;
				MTL_ENABLE_DEBUG_INFO = INCLUDE_SOURCE;
				MTL_FAST_MATH = YES;
				ONLY_ACTIVE_ARCH = YES;
				SDKROOT = iphoneos;
				SWIFT_ACTIVE_COMPILATION_CONDITIONS = "DEBUG $(inherited)";
				SWIFT_OPTIMIZATION_LEVEL = "-Onone";
			};
			name = Debug;
		};
		CEB4CC40302A4E7400FC1F1E /* Release */ = {
			isa = XCBuildConfiguration;
			buildSettings = {
				ALWAYS_SEARCH_USER_PATHS = NO;
				ASSETCATALOG_COMPILER_GENERATE_SWIFT_ASSET_SYMBOL_EXTENSIONS = YES;
				CLANG_ANALYZER_NONNULL = YES;
				CLANG_ANALYZER_NUMBER_OBJECT_CONVERSION = YES_AGGRESSIVE;
				CLANG_CXX_LANGUAGE_STANDARD = "gnu++20";
				CLANG_ENABLE_MODULES = YES;
				CLANG_ENABLE_OBJC_ARC = YES;
				CLANG_ENABLE_OBJC_WEAK = YES;
				CLANG_WARN_BLOCK_CAPTURE_AUTORELEASING = YES;
				CLANG_WARN_BOOL_CONVERSION = YES;
				CLANG_WARN_COMMA = YES;
				CLANG_WARN_CONSTANT_CONVERSION = YES;
				CLANG_WARN_DEPRECATED_OBJC_IMPLEMENTATIONS = YES;
				CLANG_WARN_DIRECT_OBJC_ISA_USAGE = YES_ERROR;
				CLANG_WARN_DOCUMENTATION_COMMENTS = YES;
				CLANG_WARN_EMPTY_BODY = YES;
				CLANG_WARN_ENUM_CONVERSION = YES;
				CLANG_WARN_INFINITE_RECURSION = YES;
				CLANG_WARN_INT_CONVERSION = YES;
				CLANG_WARN_NON_LITERAL_NULL_CONVERSION = YES;
				CLANG_WARN_OBJC_IMPLICIT_RETAIN_SELF = YES;
				CLANG_WARN_OBJC_LITERAL_CONVERSION = YES;
				CLANG_WARN_OBJC_ROOT_CLASS = YES_ERROR;
				CLANG_WARN_QUOTED_INCLUDE_IN_FRAMEWORK_HEADER = YES;
				CLANG_WARN_RANGE_LOOP_ANALYSIS = YES;
				CLANG_WARN_STRICT_PROTOTYPES = YES;
				CLANG_WARN_SUSPICIOUS_MOVE = YES;
				CLANG_WARN_UNGUARDED_AVAILABILITY = YES_AGGRESSIVE;
				CLANG_WARN_UNREACHABLE_CODE = YES;
				CLANG_WARN__DUPLICATE_METHOD_MATCH = YES;
				COPY_PHASE_STRIP = NO;
				DEBUG_INFORMATION_FORMAT = "dwarf-with-dsym";
				DEVELOPMENT_TEAM = WU276H25JQ;
				ENABLE_NS_ASSERTIONS = NO;
				ENABLE_STRICT_OBJC_MSGSEND = YES;
				ENABLE_USER_SCRIPT_SANDBOXING = YES;
				GCC_C_LANGUAGE_STANDARD = gnu17;
				GCC_NO_COMMON_BLOCKS = YES;
				GCC_WARN_64_TO_32_BIT_CONVERSION = YES;
				GCC_WARN_ABOUT_RETURN_TYPE = YES_ERROR;
				GCC_WARN_UNDECLARED_SELECTOR = YES;
				GCC_WARN_UNINITIALIZED_AUTOS = YES_AGGRESSIVE;
				GCC_WARN_UNUSED_FUNCTION = YES;
				GCC_WARN_UNUSED_VARIABLE = YES;
				IPHONEOS_DEPLOYMENT_TARGET = 26.5;
				LOCALIZATION_PREFERS_STRING_CATALOGS = YES;
				MTL_ENABLE_DEBUG_INFO = NO;
				MTL_FAST_MATH = YES;
				SDKROOT = iphoneos;
				SWIFT_COMPILATION_MODE = wholemodule;
				VALIDATE_PRODUCT = YES;
			};
			name = Release;
		};
		CEB4CC42302A4E7400FC1F1E /* Debug */ = {
			isa = XCBuildConfiguration;
			buildSettings = {
				ASSETCATALOG_COMPILER_APPICON_NAME = AppIcon;
				ASSETCATALOG_COMPILER_GLOBAL_ACCENT_COLOR_NAME = AccentColor;
				CODE_SIGN_ENTITLEMENTS = Folovers/Folovers.entitlements;
				CODE_SIGN_STYLE = Automatic;
				CURRENT_PROJECT_VERSION = 1;
				DEVELOPMENT_TEAM = WU276H25JQ;
				ENABLE_PREVIEWS = YES;
				GENERATE_INFOPLIST_FILE = YES;
				INFOPLIST_FILE = Folovers/Info.plist;
				INFOPLIST_KEY_NSCameraUsageDescription = "";
				INFOPLIST_KEY_UIApplicationSceneManifest_Generation = YES;
				INFOPLIST_KEY_UIApplicationSupportsIndirectInputEvents = YES;
				INFOPLIST_KEY_UILaunchScreen_Generation = YES;
				INFOPLIST_KEY_UISupportedInterfaceOrientations_iPad = "UIInterfaceOrientationPortrait UIInterfaceOrientationPortraitUpsideDown UIInterfaceOrientationLandscapeLeft UIInterfaceOrientationLandscapeRight";
				INFOPLIST_KEY_UISupportedInterfaceOrientations_iPhone = "UIInterfaceOrientationPortrait UIInterfaceOrientationLandscapeLeft UIInterfaceOrientationLandscapeRight";
				IPHONEOS_DEPLOYMENT_TARGET = 18;
				LD_RUNPATH_SEARCH_PATHS = (
					"$(inherited)",
					"@executable_path/Frameworks",
				);
				MARKETING_VERSION = 1.0;
				PRODUCT_BUNDLE_IDENTIFIER = com.hiroio.Folovers;
				PRODUCT_NAME = "$(TARGET_NAME)";
				STRING_CATALOG_GENERATE_SYMBOLS = YES;
				SUPPORTED_PLATFORMS = "iphoneos iphonesimulator";
				SUPPORTS_MACCATALYST = NO;
				SUPPORTS_MAC_DESIGNED_FOR_IPHONE_IPAD = NO;
				SUPPORTS_XR_DESIGNED_FOR_IPHONE_IPAD = NO;
				SWIFT_APPROACHABLE_CONCURRENCY = YES;
				SWIFT_DEFAULT_ACTOR_ISOLATION = MainActor;
				SWIFT_EMIT_LOC_STRINGS = YES;
				SWIFT_UPCOMING_FEATURE_MEMBER_IMPORT_VISIBILITY = YES;
				SWIFT_VERSION = 5.0;
				TARGETED_DEVICE_FAMILY = 1;
			};
			name = Debug;
		};
		CEB4CC43302A4E7400FC1F1E /* Release */ = {
			isa = XCBuildConfiguration;
			buildSettings = {
				ASSETCATALOG_COMPILER_APPICON_NAME = AppIcon;
				ASSETCATALOG_COMPILER_GLOBAL_ACCENT_COLOR_NAME = AccentColor;
				CODE_SIGN_ENTITLEMENTS = Folovers/Folovers.entitlements;
				CODE_SIGN_STYLE = Automatic;
				CURRENT_PROJECT_VERSION = 1;
				DEVELOPMENT_TEAM = WU276H25JQ;
				ENABLE_PREVIEWS = YES;
				GENERATE_INFOPLIST_FILE = YES;
				INFOPLIST_FILE = Folovers/Info.plist;
				INFOPLIST_KEY_NSCameraUsageDescription = "";
				INFOPLIST_KEY_UIApplicationSceneManifest_Generation = YES;
				INFOPLIST_KEY_UIApplicationSupportsIndirectInputEvents = YES;
				INFOPLIST_KEY_UILaunchScreen_Generation = YES;
				INFOPLIST_KEY_UISupportedInterfaceOrientations_iPad = "UIInterfaceOrientationPortrait UIInterfaceOrientationPortraitUpsideDown UIInterfaceOrientationLandscapeLeft UIInterfaceOrientationLandscapeRight";
				INFOPLIST_KEY_UISupportedInterfaceOrientations_iPhone = "UIInterfaceOrientationPortrait UIInterfaceOrientationLandscapeLeft UIInterfaceOrientationLandscapeRight";
				IPHONEOS_DEPLOYMENT_TARGET = 18;
				LD_RUNPATH_SEARCH_PATHS = (
					"$(inherited)",
					"@executable_path/Frameworks",
				);
				MARKETING_VERSION = 1.0;
				PRODUCT_BUNDLE_IDENTIFIER = com.hiroio.Folovers;
				PRODUCT_NAME = "$(TARGET_NAME)";
				STRING_CATALOG_GENERATE_SYMBOLS = YES;
				SUPPORTED_PLATFORMS = "iphoneos iphonesimulator";
				SUPPORTS_MACCATALYST = NO;
				SUPPORTS_MAC_DESIGNED_FOR_IPHONE_IPAD = NO;
				SUPPORTS_XR_DESIGNED_FOR_IPHONE_IPAD = NO;
				SWIFT_APPROACHABLE_CONCURRENCY = YES;
				SWIFT_DEFAULT_ACTOR_ISOLATION = MainActor;
				SWIFT_EMIT_LOC_STRINGS = YES;
				SWIFT_UPCOMING_FEATURE_MEMBER_IMPORT_VISIBILITY = YES;
				SWIFT_VERSION = 5.0;
				TARGETED_DEVICE_FAMILY = 1;
			};
			name = Release;
		};
/* End XCBuildConfiguration section */

/* Begin XCConfigurationList section */
		CEB4CC31302A4E7300FC1F1E /* Build configuration list for PBXProject "Folovers" */ = {
			isa = XCConfigurationList;
			buildConfigurations = (
				CEB4CC3F302A4E7400FC1F1E /* Debug */,
				CEB4CC40302A4E7400FC1F1E /* Release */,
			);
			defaultConfigurationIsVisible = 0;
			defaultConfigurationName = Release;
		};
		CEB4CC41302A4E7400FC1F1E /* Build configuration list for PBXNativeTarget "Folovers" */ = {
			isa = XCConfigurationList;
			buildConfigurations = (
				CEB4CC42302A4E7400FC1F1E /* Debug */,
				CEB4CC43302A4E7400FC1F1E /* Release */,
			);
			defaultConfigurationIsVisible = 0;
			defaultConfigurationName = Release;
		};
/* End XCConfigurationList section */

/* Begin XCLocalSwiftPackageReference section */
		CEB48636302BD0EF00FC1F1E /* XCLocalSwiftPackageReference "../AuthLibrary" */ = {
			isa = XCLocalSwiftPackageReference;
			relativePath = ../AuthLibrary;
		};
		CEB4F8DC302B503200FC1F1E /* XCLocalSwiftPackageReference "Folovers/Packages/SpritePackage" */ = {
			isa = XCLocalSwiftPackageReference;
			relativePath = Folovers/Packages/SpritePackage;
		};
/* End XCLocalSwiftPackageReference section */

/* Begin XCRemoteSwiftPackageReference section */
		CEB48610302B945400FC1F1E /* XCRemoteSwiftPackageReference "firebase-ios-sdk" */ = {
			isa = XCRemoteSwiftPackageReference;
			repositoryURL = "https://github.com/firebase/firebase-ios-sdk";
			requirement = {
				kind = upToNextMajorVersion;
				minimumVersion = 12.17.0;
			};
		};
		CECA5CC63035CFE1006E525A /* XCRemoteSwiftPackageReference "Kingfisher" */ = {
			isa = XCRemoteSwiftPackageReference;
			repositoryURL = "https://github.com/onevcat/Kingfisher.git";
			requirement = {
				kind = upToNextMajorVersion;
				minimumVersion = 8.11.0;
			};
		};
/* End XCRemoteSwiftPackageReference section */

/* Begin XCSwiftPackageProductDependency section */
		CEB48611302B945400FC1F1E /* FirebaseAnalytics */ = {
			isa = XCSwiftPackageProductDependency;
			package = CEB48610302B945400FC1F1E /* XCRemoteSwiftPackageReference "firebase-ios-sdk" */;
			productName = FirebaseAnalytics;
		};
		CEB48613302B945400FC1F1E /* FirebaseAnalyticsCore */ = {
			isa = XCSwiftPackageProductDependency;
			package = CEB48610302B945400FC1F1E /* XCRemoteSwiftPackageReference "firebase-ios-sdk" */;
			productName = FirebaseAnalyticsCore;
		};
		CEB48615302B945400FC1F1E /* FirebaseAuth */ = {
			isa = XCSwiftPackageProductDependency;
			package = CEB48610302B945400FC1F1E /* XCRemoteSwiftPackageReference "firebase-ios-sdk" */;
			productName = FirebaseAuth;
		};
		CEB48617302B945400FC1F1E /* FirebaseCore */ = {
			isa = XCSwiftPackageProductDependency;
			package = CEB48610302B945400FC1F1E /* XCRemoteSwiftPackageReference "firebase-ios-sdk" */;
			productName = FirebaseCore;
		};
		CEB48619302B945400FC1F1E /* FirebaseFirestore */ = {
			isa = XCSwiftPackageProductDependency;
			package = CEB48610302B945400FC1F1E /* XCRemoteSwiftPackageReference "firebase-ios-sdk" */;
			productName = FirebaseFirestore;
		};
		CEB4861B302B945400FC1F1E /* FirebaseStorage */ = {
			isa = XCSwiftPackageProductDependency;
			package = CEB48610302B945400FC1F1E /* XCRemoteSwiftPackageReference "firebase-ios-sdk" */;
			productName = FirebaseStorage;
		};
		CEB48637302BD0EF00FC1F1E /* AuthLibrary */ = {
			isa = XCSwiftPackageProductDependency;
			productName = AuthLibrary;
		};
		CEB4F8DD302B503200FC1F1E /* SpritePackage */ = {
			isa = XCSwiftPackageProductDependency;
			package = CEB4F8DC302B503200FC1F1E /* XCLocalSwiftPackageReference "Folovers/Packages/SpritePackage" */;
			productName = SpritePackage;
		};
		CECA5CC73035CFE1006E525A /* Kingfisher */ = {
			isa = XCSwiftPackageProductDependency;
			package = CECA5CC63035CFE1006E525A /* XCRemoteSwiftPackageReference "Kingfisher" */;
			productName = Kingfisher;
		};
/* End XCSwiftPackageProductDependency section */
	};
	rootObject = CEB4CC2E302A4E7300FC1F1E /* Project object */;
}
